
Microsoft Visual Studio Solution File, Format Version 12.00
# Visual Studio Version 17
VisualStudioVersion = 17.9.34622.214
MinimumVisualStudioVersion = 10.0.40219.1
Project("{FAE04EC0-301F-11D3-BF4B-00C04F79EFBC}") = "MiniExcelIssue", "MiniExcelIssue.csproj", "{2A81F21F-CEF7-40F9-9C5D-C01811C3C963}"
EndProject
Global
	GlobalSection(SolutionConfigurationPlatforms) = preSolution
		Debug|Any CPU = Debug|Any CPU
		Release|Any CPU = Release|Any CPU
	EndGlobalSection
	GlobalSection(ProjectConfigurationPlatforms) = postSolution
		{2A81F21F-CEF7-40F9-9C5D-C01811C3C963}.Debug|Any CPU.ActiveCfg = Debug|Any CPU
		{2A81F21F-CEF7-40F9-9C5D-C01811C3C963}.Debug|Any CPU.Build.0 = Debug|Any CPU
		{2A81F21F-CEF7-40F9-9C5D-C01811C3C963}.Release|Any CPU.ActiveCfg = Release|Any CPU
		{2A81F21F-CEF7-40F9-9C5D-C01811C3C963}.Release|Any CPU.Build.0 = Release|Any CPU
	EndGlobalSection
	GlobalSection(SolutionProperties) = preSolution
		HideSolutionNode = FALSE
	EndGlobalSection
	GlobalSection(ExtensibilityGlobals) = postSolution
		SolutionGuid = {AD8FB916-299D-4CEA-BD3D-F9B859E4F13F}
	EndGlobalSection
EndGlobal
